<?xml version="1.0" encoding="UTF-8" standalone="yes" ?>
<CodeBlocks_project_file>
	<FileVersion major="1" minor="6" />
	<Project>
		<Option title="Pizza-Ordering-System" />
		<Option pch_mode="2" />
		<Option compiler="gcc" />
		<Build>
			<Target title="Debug">
				<Option output="bin/Debug/Pizza-Ordering-System" prefix_auto="1" extension_auto="1" />
				<Option object_output="obj/Debug/" />
				<Option type="1" />
				<Option compiler="gcc" />
				<Compiler>
					<Add option="-g" />
					<Add directory="Controller" />
					<Add directory="View" />
					<Add directory="Tools" />
					<Add directory="Repos" />
					<Add directory="Exceptions" />
					<Add directory="Models" />
				</Compiler>
			</Target>
			<Target title="Release">
				<Option output="bin/Release/Pizza-Ordering-System" prefix_auto="1" extension_auto="1" />
				<Option object_output="obj/Release/" />
				<Option type="1" />
				<Option compiler="gcc" />
				<Compiler>
					<Add option="-O2" />
					<Add directory="Controller" />
					<Add directory="View" />
					<Add directory="Tools" />
					<Add directory="Repos" />
					<Add directory="Models" />
					<Add directory="Exceptions" />
				</Compiler>
				<Linker>
					<Add option="-s" />
				</Linker>
			</Target>
		</Build>
		<Compiler>
			<Add option="-Wall" />
			<Add option="-fexceptions" />
			<Add directory="Models" />
		</Compiler>
		<Unit filename="Controller/AdminMenuController.cpp" />
		<Unit filename="Controller/AdminMenuController.h" />
		<Unit filename="Controller/BakerMenuController.cpp" />
		<Unit filename="Controller/BakerMenuController.h" />
		<Unit filename="Controller/CostumerMenuController.cpp" />
		<Unit filename="Controller/CostumerMenuController.h" />
		<Unit filename="Controller/MainMenuController.cpp" />
		<Unit filename="Controller/MainMenuController.h" />
		<Unit filename="Controller/PizzaRepController.cpp" />
		<Unit filename="Controller/PizzaRepController.h" />
		<Unit filename="Controller/SalesmanMenuController.cpp" />
		<Unit filename="Controller/SalesmanMenuController.h" />
		<Unit filename="Controller/ToppingRepController.cpp" />
		<Unit filename="Controller/ToppingRepController.h" />
		<Unit filename="Exceptions/LocationException.cpp" />
		<Unit filename="Exceptions/LocationException.h" />
		<Unit filename="Exceptions/PizzaNameError.cpp" />
		<Unit filename="Exceptions/PizzaNameError.h" />
		<Unit filename="Exceptions/PizzaPriceError.cpp" />
		<Unit filename="Exceptions/PizzaPriceError.h" />
		<Unit filename="Exceptions/ToppingNameError.cpp" />
		<Unit filename="Exceptions/ToppingNameError.h" />
		<Unit filename="Exceptions/ToppingPriceError.cpp" />
		<Unit filename="Exceptions/ToppingPriceError.h" />
		<Unit filename="Models/Locations.cpp" />
		<Unit filename="Models/Locations.h" />
		<Unit filename="Models/Order.cpp" />
		<Unit filename="Models/Order.h" />
		<Unit filename="Models/Pizza.cpp" />
		<Unit filename="Models/Pizza.h" />
		<Unit filename="Models/Toppings.cpp" />
		<Unit filename="Models/Toppings.h" />
		<Unit filename="Repos/LocationRepo.cpp" />
		<Unit filename="Repos/LocationRepo.h" />
		<Unit filename="Repos/OrderRepo.cpp" />
		<Unit filename="Repos/OrderRepo.h" />
		<Unit filename="Repos/PizzaRepo.cpp" />
		<Unit filename="Repos/PizzaRepo.h" />
		<Unit filename="Repos/ToppingRepo.cpp" />
		<Unit filename="Repos/ToppingRepo.h" />
		<Unit filename="Tools/GlobalTools.cpp" />
		<Unit filename="Tools/GlobalTools.h" />
		<Unit filename="View/AdminMenuView.cpp" />
		<Unit filename="View/AdminMenuView.h" />
		<Unit filename="View/BakerMenuView.cpp" />
		<Unit filename="View/BakerMenuView.h" />
		<Unit filename="View/CostumerMenuView.cpp" />
		<Unit filename="View/CostumerMenuView.h" />
		<Unit filename="View/DisplayString.cpp" />
		<Unit filename="View/DisplayString.h" />
		<Unit filename="View/GlobalView.cpp" />
		<Unit filename="View/GlobalView.h" />
		<Unit filename="View/MainMenuView.cpp" />
		<Unit filename="View/MainMenuView.h" />
		<Unit filename="View/PizzaRepMenuView.cpp" />
		<Unit filename="View/PizzaRepMenuView.h" />
		<Unit filename="View/SalesmanMenuView.cpp" />
		<Unit filename="View/SalesmanMenuView.h" />
		<Unit filename="View/ToppingRepMenuView.cpp" />
		<Unit filename="View/ToppingRepMenuView.h" />
		<Unit filename="main.cpp" />
		<Extensions>
			<code_completion />
			<envvars />
			<debugger />
			<lib_finder disable_auto="1" />
		</Extensions>
	</Project>
</CodeBlocks_project_file>
